// !$*UTF8*$!
{
	archiveVersion = 1;
	classes = {
	};
	objectVersion = 56;
	objects = {

/* Begin PBXBuildFile section */
		427737B8185551CCF8202229 /* Pods_RealmSample.framework in Frameworks */ = {isa = PBXBuildFile; fileRef = 8235B85C76279BA7CE99A100 /* Pods_RealmSample.framework */; };
		B63511792A1F24560054F597 /* AppDelegate.swift in Sources */ = {isa = PBXBuildFile; fileRef = B63511782A1F24560054F597 /* AppDelegate.swift */; };
		B635117B2A1F24560054F597 /* SceneDelegate.swift in Sources */ = {isa = PBXBuildFile; fileRef = B635117A2A1F24560054F597 /* SceneDelegate.swift */; };
		B63511822A1F24580054F597 /* Assets.xcassets in Resources */ = {isa = PBXBuildFile; fileRef = B63511812A1F24580054F597 /* Assets.xcassets */; };
		B63511852A1F24580054F597 /* LaunchScreen.storyboard in Resources */ = {isa = PBXBuildFile; fileRef = B63511832A1F24580054F597 /* LaunchScreen.storyboard */; };
		B635118D2A1F2A3B0054F597 /* UserListViewController.swift in Sources */ = {isa = PBXBuildFile; fileRef = B635118C2A1F2A3B0054F597 /* UserListViewController.swift */; };
		B635118F2A1F2C610054F597 /* User.swift in Sources */ = {isa = PBXBuildFile; fileRef = B635118E2A1F2C610054F597 /* User.swift */; };
		B63511912A2036190054F597 /* Extensions.swift in Sources */ = {isa = PBXBuildFile; fileRef = B63511902A2036190054F597 /* Extensions.swift */; };
		B63511932A203B2A0054F597 /* UserListView.swift in Sources */ = {isa = PBXBuildFile; fileRef = B63511922A203B2A0054F597 /* UserListView.swift */; };
		B63511952A203C6D0054F597 /* UserListDataManager.swift in Sources */ = {isa = PBXBuildFile; fileRef = B63511942A203C6D0054F597 /* UserListDataManager.swift */; };
		B63511972A2056680054F597 /* UserTableViewCell.swift in Sources */ = {isa = PBXBuildFile; fileRef = B63511962A2056680054F597 /* UserTableViewCell.swift */; };
		B63511992A2439190054F597 /* UserDetailsViewController.swift in Sources */ = {isa = PBXBuildFile; fileRef = B63511982A2439190054F597 /* UserDetailsViewController.swift */; };
		B635119B2A2439450054F597 /* UserDetailsView.swift in Sources */ = {isa = PBXBuildFile; fileRef = B635119A2A2439450054F597 /* UserDetailsView.swift */; };
		B635119D2A2457AC0054F597 /* UserDataManager.swift in Sources */ = {isa = PBXBuildFile; fileRef = B635119C2A2457AC0054F597 /* UserDataManager.swift */; };
/* End PBXBuildFile section */

/* Begin PBXFileReference section */
		5B7EE8B9B30991327120E536 /* Pods-RealmSample.release.xcconfig */ = {isa = PBXFileReference; includeInIndex = 1; lastKnownFileType = text.xcconfig; name = "Pods-RealmSample.release.xcconfig"; path = "Target Support Files/Pods-RealmSample/Pods-RealmSample.release.xcconfig"; sourceTree = "<group>"; };
		8235B85C76279BA7CE99A100 /* Pods_RealmSample.framework */ = {isa = PBXFileReference; explicitFileType = wrapper.framework; includeInIndex = 0; path = Pods_RealmSample.framework; sourceTree = BUILT_PRODUCTS_DIR; };
		B63511752A1F24560054F597 /* RealmSample.app */ = {isa = PBXFileReference; explicitFileType = wrapper.application; includeInIndex = 0; path = RealmSample.app; sourceTree = BUILT_PRODUCTS_DIR; };
		B63511782A1F24560054F597 /* AppDelegate.swift */ = {isa = PBXFileReference; lastKnownFileType = sourcecode.swift; path = AppDelegate.swift; sourceTree = "<group>"; };
		B635117A2A1F24560054F597 /* SceneDelegate.swift */ = {isa = PBXFileReference; lastKnownFileType = sourcecode.swift; path = SceneDelegate.swift; sourceTree = "<group>"; };
		B63511812A1F24580054F597 /* Assets.xcassets */ = {isa = PBXFileReference; lastKnownFileType = folder.assetcatalog; path = Assets.xcassets; sourceTree = "<group>"; };
		B63511842A1F24580054F597 /* Base */ = {isa = PBXFileReference; lastKnownFileType = file.storyboard; name = Base; path = Base.lproj/LaunchScreen.storyboard; sourceTree = "<group>"; };
		B63511862A1F24580054F597 /* Info.plist */ = {isa = PBXFileReference; lastKnownFileType = text.plist.xml; path = Info.plist; sourceTree = "<group>"; };
		B635118C2A1F2A3B0054F597 /* UserListViewController.swift */ = {isa = PBXFileReference; lastKnownFileType = sourcecode.swift; path = UserListViewController.swift; sourceTree = "<group>"; };
		B635118E2A1F2C610054F597 /* User.swift */ = {isa = PBXFileReference; lastKnownFileType = sourcecode.swift; path = User.swift; sourceTree = "<group>"; };
		B63511902A2036190054F597 /* Extensions.swift */ = {isa = PBXFileReference; lastKnownFileType = sourcecode.swift; path = Extensions.swift; sourceTree = "<group>"; };
		B63511922A203B2A0054F597 /* UserListView.swift */ = {isa = PBXFileReference; lastKnownFileType = sourcecode.swift; path = UserListView.swift; sourceTree = "<group>"; };
		B63511942A203C6D0054F597 /* UserListDataManager.swift */ = {isa = PBXFileReference; lastKnownFileType = sourcecode.swift; path = UserListDataManager.swift; sourceTree = "<group>"; };
		B63511962A2056680054F597 /* UserTableViewCell.swift */ = {isa = PBXFileReference; lastKnownFileType = sourcecode.swift; path = UserTableViewCell.swift; sourceTree = "<group>"; };
		B63511982A2439190054F597 /* UserDetailsViewController.swift */ = {isa = PBXFileReference; lastKnownFileType = sourcecode.swift; path = UserDetailsViewController.swift; sourceTree = "<group>"; };
		B635119A2A2439450054F597 /* UserDetailsView.swift */ = {isa = PBXFileReference; lastKnownFileType = sourcecode.swift; path = UserDetailsView.swift; sourceTree = "<group>"; };
		B635119C2A2457AC0054F597 /* UserDataManager.swift */ = {isa = PBXFileReference; lastKnownFileType = sourcecode.swift; path = UserDataManager.swift; sourceTree = "<group>"; };
		BC7356DE50D937FB1C546D1A /* Pods-RealmSample.debug.xcconfig */ = {isa = PBXFileReference; includeInIndex = 1; lastKnownFileType = text.xcconfig; name = "Pods-RealmSample.debug.xcconfig"; path = "Target Support Files/Pods-RealmSample/Pods-RealmSample.debug.xcconfig"; sourceTree = "<group>"; };
/* End PBXFileReference section */

/* Begin PBXFrameworksBuildPhase section */
		B63511722A1F24560054F597 /* Frameworks */ = {
			isa = PBXFrameworksBuildPhase;
			buildActionMask = 2147483647;
			files = (
				427737B8185551CCF8202229 /* Pods_RealmSample.framework in Frameworks */,
			);
			runOnlyForDeploymentPostprocessing = 0;
		};
/* End PBXFrameworksBuildPhase section */

/* Begin PBXGroup section */
		31774537DBA3C07502EE9B09 /* Pods */ = {
			isa = PBXGroup;
			children = (
				BC7356DE50D937FB1C546D1A /* Pods-RealmSample.debug.xcconfig */,
				5B7EE8B9B30991327120E536 /* Pods-RealmSample.release.xcconfig */,
			);
			path = Pods;
			sourceTree = "<group>";
		};
		836CC12A3CD0096BEB21CE6C /* Frameworks */ = {
			isa = PBXGroup;
			children = (
				8235B85C76279BA7CE99A100 /* Pods_RealmSample.framework */,
			);
			name = Frameworks;
			sourceTree = "<group>";
		};
		B635116C2A1F24560054F597 = {
			isa = PBXGroup;
			children = (
				B63511772A1F24560054F597 /* RealmSample */,
				B63511762A1F24560054F597 /* Products */,
				31774537DBA3C07502EE9B09 /* Pods */,
				836CC12A3CD0096BEB21CE6C /* Frameworks */,
			);
			sourceTree = "<group>";
		};
		B63511762A1F24560054F597 /* Products */ = {
			isa = PBXGroup;
			children = (
				B63511752A1F24560054F597 /* RealmSample.app */,
			);
			name = Products;
			sourceTree = "<group>";
		};
		B63511772A1F24560054F597 /* RealmSample */ = {
			isa = PBXGroup;
			children = (
				B63511782A1F24560054F597 /* AppDelegate.swift */,
				B635117A2A1F24560054F597 /* SceneDelegate.swift */,
				B635118C2A1F2A3B0054F597 /* UserListViewController.swift */,
				B63511982A2439190054F597 /* UserDetailsViewController.swift */,
				B63511962A2056680054F597 /* UserTableViewCell.swift */,
				B63511922A203B2A0054F597 /* UserListView.swift */,
				B635119A2A2439450054F597 /* UserDetailsView.swift */,
				B63511942A203C6D0054F597 /* UserListDataManager.swift */,
				B635119C2A2457AC0054F597 /* UserDataManager.swift */,
				B63511812A1F24580054F597 /* Assets.xcassets */,
				B63511832A1F24580054F597 /* LaunchScreen.storyboard */,
				B63511862A1F24580054F597 /* Info.plist */,
				B635118E2A1F2C610054F597 /* User.swift */,
				B63511902A2036190054F597 /* Extensions.swift */,
			);
			path = RealmSample;
			sourceTree = "<group>";
		};
/* End PBXGroup section */

/* Begin PBXNativeTarget section */
		B63511742A1F24560054F597 /* RealmSample */ = {
			isa = PBXNativeTarget;
			buildConfigurationList = B63511892A1F24580054F597 /* Build configuration list for PBXNativeTarget "RealmSample" */;
			buildPhases = (
				9B93DCC751EA54F8C39EAC3F /* [CP] Check Pods Manifest.lock */,
				B63511712A1F24560054F597 /* Sources */,
				B63511722A1F24560054F597 /* Frameworks */,
				B63511732A1F24560054F597 /* Resources */,
				C6B3EC1D45FFADB8A17B0B34 /* [CP] Embed Pods Frameworks */,
			);
			buildRules = (
			);
			dependencies = (
			);
			name = RealmSample;
			productName = RealmSample;
			productReference = B63511752A1F24560054F597 /* RealmSample.app */;
			productType = "com.apple.product-type.application";
		};
/* End PBXNativeTarget section */

/* Begin PBXProject section */
		B635116D2A1F24560054F597 /* Project object */ = {
			isa = PBXProject;
			attributes = {
				BuildIndependentTargetsInParallel = 1;
				LastSwiftUpdateCheck = 1430;
				LastUpgradeCheck = 1430;
				TargetAttributes = {
					B63511742A1F24560054F597 = {
						CreatedOnToolsVersion = 14.3;
					};
				};
			};
			buildConfigurationList = B63511702A1F24560054F597 /* Build configuration list for PBXProject "RealmSample" */;
			compatibilityVersion = "Xcode 14.0";
			developmentRegion = en;
			hasScannedForEncodings = 0;
			knownRegions = (
				en,
				Base,
			);
			mainGroup = B635116C2A1F24560054F597;
			productRefGroup = B63511762A1F24560054F597 /* Products */;
			projectDirPath = "";
			projectRoot = "";
			targets = (
				B63511742A1F24560054F597 /* RealmSample */,
			);
		};
/* End PBXProject section */

/* Begin PBXResourcesBuildPhase section */
		B63511732A1F24560054F597 /* Resources */ = {
			isa = PBXResourcesBuildPhase;
			buildActionMask = 2147483647;
			files = (
				B63511852A1F24580054F597 /* LaunchScreen.storyboard in Resources */,
				B63511822A1F24580054F597 /* Assets.xcassets in Resources */,
			);
			runOnlyForDeploymentPostprocessing = 0;
		};
/* End PBXResourcesBuildPhase section */

/* Begin PBXShellScriptBuildPhase section */
		9B93DCC751EA54F8C39EAC3F /* [CP] Check Pods Manifest.lock */ = {
			isa = PBXShellScriptBuildPhase;
			buildActionMask = 2147483647;
			files = (
			);
			inputFileListPaths = (
			);
			inputPaths = (
				"${PODS_PODFILE_DIR_PATH}/Podfile.lock",
				"${PODS_ROOT}/Manifest.lock",
			);
			name = "[CP] Check Pods Manifest.lock";
			outputFileListPaths = (
			);
			outputPaths = (
				"$(DERIVED_FILE_DIR)/Pods-RealmSample-checkManifestLockResult.txt",
			);
			runOnlyForDeploymentPostprocessing = 0;
			shellPath = /bin/sh;
			shellScript = "diff \"${PODS_PODFILE_DIR_PATH}/Podfile.lock\" \"${PODS_ROOT}/Manifest.lock\" > /dev/null\nif [ $? != 0 ] ; then\n    # print error to STDERR\n    echo \"error: The sandbox is not in sync with the Podfile.lock. Run 'pod install' or update your CocoaPods installation.\" >&2\n    exit 1\nfi\n# This output is used by Xcode 'outputs' to avoid re-running this script phase.\necho \"SUCCESS\" > \"${SCRIPT_OUTPUT_FILE_0}\"\n";
			showEnvVarsInLog = 0;
		};
		C6B3EC1D45FFADB8A17B0B34 /* [CP] Embed Pods Frameworks */ = {
			isa = PBXShellScriptBuildPhase;
			buildActionMask = 2147483647;
			files = (
			);
			inputFileListPaths = (
				"${PODS_ROOT}/Target Support Files/Pods-RealmSample/Pods-RealmSample-frameworks-${CONFIGURATION}-input-files.xcfilelist",
			);
			name = "[CP] Embed Pods Frameworks";
			outputFileListPaths = (
				"${PODS_ROOT}/Target Support Files/Pods-RealmSample/Pods-RealmSample-frameworks-${CONFIGURATION}-output-files.xcfilelist",
			);
			runOnlyForDeploymentPostprocessing = 0;
			shellPath = /bin/sh;
			shellScript = "\"${PODS_ROOT}/Target Support Files/Pods-RealmSample/Pods-RealmSample-frameworks.sh\"\n";
			showEnvVarsInLog = 0;
		};
/* End PBXShellScriptBuildPhase section */

/* Begin PBXSourcesBuildPhase section */
		B63511712A1F24560054F597 /* Sources */ = {
			isa = PBXSourcesBuildPhase;
			buildActionMask = 2147483647;
			files = (
				B635119B2A2439450054F597 /* UserDetailsView.swift in Sources */,
				B63511912A2036190054F597 /* Extensions.swift in Sources */,
				B63511932A203B2A0054F597 /* UserListView.swift in Sources */,
				B635118F2A1F2C610054F597 /* User.swift in Sources */,
				B63511952A203C6D0054F597 /* UserListDataManager.swift in Sources */,
				B635119D2A2457AC0054F597 /* UserDataManager.swift in Sources */,
				B63511972A2056680054F597 /* UserTableViewCell.swift in Sources */,
				B635118D2A1F2A3B0054F597 /* UserListViewController.swift in Sources */,
				B63511792A1F24560054F597 /* AppDelegate.swift in Sources */,
				B635117B2A1F24560054F597 /* SceneDelegate.swift in Sources */,
				B63511992A2439190054F597 /* UserDetailsViewController.swift in Sources */,
			);
			runOnlyForDeploymentPostprocessing = 0;
		};
/* End PBXSourcesBuildPhase section */

/* Begin PBXVariantGroup section */
		B63511832A1F24580054F597 /* LaunchScreen.storyboard */ = {
			isa = PBXVariantGroup;
			children = (
				B63511842A1F24580054F597 /* Base */,
			);
			name = LaunchScreen.storyboard;
			sourceTree = "<group>";
		};
/* End PBXVariantGroup section */

/* Begin XCBuildConfiguration section */
		B63511872A1F24580054F597 /* Debug */ = {
			isa = XCBuildConfiguration;
			buildSettings = {
				ALWAYS_SEARCH_USER_PATHS = NO;
				CLANG_ANALYZER_NONNULL = YES;
				CLANG_ANALYZER_NUMBER_OBJECT_CONVERSION = YES_AGGRESSIVE;
				CLANG_CXX_LANGUAGE_STANDARD = "gnu++20";
				CLANG_ENABLE_MODULES = YES;
				CLANG_ENABLE_OBJC_ARC = YES;
				CLANG_ENABLE_OBJC_WEAK = YES;
				CLANG_WARN_BLOCK_CAPTURE_AUTORELEASING = YES;
				CLANG_WARN_BOOL_CONVERSION = YES;
				CLANG_WARN_COMMA = YES;
				CLANG_WARN_CONSTANT_CONVERSION = YES;
				CLANG_WARN_DEPRECATED_OBJC_IMPLEMENTATIONS = YES;
				CLANG_WARN_DIRECT_OBJC_ISA_USAGE = YES_ERROR;
				CLANG_WARN_DOCUMENTATION_COMMENTS = YES;
				CLANG_WARN_EMPTY_BODY = YES;
				CLANG_WARN_ENUM_CONVERSION = YES;
				CLANG_WARN_INFINITE_RECURSION = YES;
				CLANG_WARN_INT_CONVERSION = YES;
				CLANG_WARN_NON_LITERAL_NULL_CONVERSION = YES;
				CLANG_WARN_OBJC_IMPLICIT_RETAIN_SELF = YES;
				CLANG_WARN_OBJC_LITERAL_CONVERSION = YES;
				CLANG_WARN_OBJC_ROOT_CLASS = YES_ERROR;
				CLANG_WARN_QUOTED_INCLUDE_IN_FRAMEWORK_HEADER = YES;
				CLANG_WARN_RANGE_LOOP_ANALYSIS = YES;
				CLANG_WARN_STRICT_PROTOTYPES = YES;
				CLANG_WARN_SUSPICIOUS_MOVE = YES;
				CLANG_WARN_UNGUARDED_AVAILABILITY = YES_AGGRESSIVE;
				CLANG_WARN_UNREACHABLE_CODE = YES;
				CLANG_WARN__DUPLICATE_METHOD_MATCH = YES;
				COPY_PHASE_STRIP = NO;
				DEBUG_INFORMATION_FORMAT = dwarf;
				ENABLE_STRICT_OBJC_MSGSEND = YES;
				ENABLE_TESTABILITY = YES;
				GCC_C_LANGUAGE_STANDARD = gnu11;
				GCC_DYNAMIC_NO_PIC = NO;
				GCC_NO_COMMON_BLOCKS = YES;
				GCC_OPTIMIZATION_LEVEL = 0;
				GCC_PREPROCESSOR_DEFINITIONS = (
					"DEBUG=1",
					"$(inherited)",
				);
				GCC_WARN_64_TO_32_BIT_CONVERSION = YES;
				GCC_WARN_ABOUT_RETURN_TYPE = YES_ERROR;
				GCC_WARN_UNDECLARED_SELECTOR = YES;
				GCC_WARN_UNINITIALIZED_AUTOS = YES_AGGRESSIVE;
				GCC_WARN_UNUSED_FUNCTION = YES;
				GCC_WARN_UNUSED_VARIABLE = YES;
				IPHONEOS_DEPLOYMENT_TARGET = 14.0;
				MTL_ENABLE_DEBUG_INFO = INCLUDE_SOURCE;
				MTL_FAST_MATH = YES;
				ONLY_ACTIVE_ARCH = YES;
				SDKROOT = iphoneos;
				SWIFT_ACTIVE_COMPILATION_CONDITIONS = DEBUG;
				SWIFT_OPTIMIZATION_LEVEL = "-Onone";
			};
			name = Debug;
		};
		B63511882A1F24580054F597 /* Release */ = {
			isa = XCBuildConfiguration;
			buildSettings = {
				ALWAYS_SEARCH_USER_PATHS = NO;
				CLANG_ANALYZER_NONNULL = YES;
				CLANG_ANALYZER_NUMBER_OBJECT_CONVERSION = YES_AGGRESSIVE;
				CLANG_CXX_LANGUAGE_STANDARD = "gnu++20";
				CLANG_ENABLE_MODULES = YES;
				CLANG_ENABLE_OBJC_ARC = YES;
				CLANG_ENABLE_OBJC_WEAK = YES;
				CLANG_WARN_BLOCK_CAPTURE_AUTORELEASING = YES;
				CLANG_WARN_BOOL_CONVERSION = YES;
				CLANG_WARN_COMMA = YES;
				CLANG_WARN_CONSTANT_CONVERSION = YES;
				CLANG_WARN_DEPRECATED_OBJC_IMPLEMENTATIONS = YES;
				CLANG_WARN_DIRECT_OBJC_ISA_USAGE = YES_ERROR;
				CLANG_WARN_DOCUMENTATION_COMMENTS = YES;
				CLANG_WARN_EMPTY_BODY = YES;
				CLANG_WARN_ENUM_CONVERSION = YES;
				CLANG_WARN_INFINITE_RECURSION = YES;
				CLANG_WARN_INT_CONVERSION = YES;
				CLANG_WARN_NON_LITERAL_NULL_CONVERSION = YES;
				CLANG_WARN_OBJC_IMPLICIT_RETAIN_SELF = YES;
				CLANG_WARN_OBJC_LITERAL_CONVERSION = YES;
				CLANG_WARN_OBJC_ROOT_CLASS = YES_ERROR;
				CLANG_WARN_QUOTED_INCLUDE_IN_FRAMEWORK_HEADER = YES;
				CLANG_WARN_RANGE_LOOP_ANALYSIS = YES;
				CLANG_WARN_STRICT_PROTOTYPES = YES;
				CLANG_WARN_SUSPICIOUS_MOVE = YES;
				CLANG_WARN_UNGUARDED_AVAILABILITY = YES_AGGRESSIVE;
				CLANG_WARN_UNREACHABLE_CODE = YES;
				CLANG_WARN__DUPLICATE_METHOD_MATCH = YES;
				COPY_PHASE_STRIP = NO;
				DEBUG_INFORMATION_FORMAT = "dwarf-with-dsym";
				ENABLE_NS_ASSERTIONS = NO;
				ENABLE_STRICT_OBJC_MSGSEND = YES;
				GCC_C_LANGUAGE_STANDARD = gnu11;
				GCC_NO_COMMON_BLOCKS = YES;
				GCC_WARN_64_TO_32_BIT_CONVERSION = YES;
				GCC_WARN_ABOUT_RETURN_TYPE = YES_ERROR;
				GCC_WARN_UNDECLARED_SELECTOR = YES;
				GCC_WARN_UNINITIALIZED_AUTOS = YES_AGGRESSIVE;
				GCC_WARN_UNUSED_FUNCTION = YES;
				GCC_WARN_UNUSED_VARIABLE = YES;
				IPHONEOS_DEPLOYMENT_TARGET = 14.0;
				MTL_ENABLE_DEBUG_INFO = NO;
				MTL_FAST_MATH = YES;
				SDKROOT = iphoneos;
				SWIFT_COMPILATION_MODE = wholemodule;
				SWIFT_OPTIMIZATION_LEVEL = "-O";
				VALIDATE_PRODUCT = YES;
			};
			name = Release;
		};
		B635118A2A1F24580054F597 /* Debug */ = {
			isa = XCBuildConfiguration;
			baseConfigurationReference = BC7356DE50D937FB1C546D1A /* Pods-RealmSample.debug.xcconfig */;
			buildSettings = {
				ASSETCATALOG_COMPILER_APPICON_NAME = AppIcon;
				ASSETCATALOG_COMPILER_GLOBAL_ACCENT_COLOR_NAME = AccentColor;
				CODE_SIGN_STYLE = Automatic;
				CURRENT_PROJECT_VERSION = 1;
				DEVELOPMENT_TEAM = D5XZHDVBDY;
				GENERATE_INFOPLIST_FILE = YES;
				INFOPLIST_FILE = RealmSample/Info.plist;
				INFOPLIST_KEY_UIApplicationSupportsIndirectInputEvents = YES;
				INFOPLIST_KEY_UILaunchStoryboardName = LaunchScreen;
				INFOPLIST_KEY_UISupportedInterfaceOrientations_iPad = "UIInterfaceOrientationPortrait UIInterfaceOrientationPortraitUpsideDown UIInterfaceOrientationLandscapeLeft UIInterfaceOrientationLandscapeRight";
				INFOPLIST_KEY_UISupportedInterfaceOrientations_iPhone = "UIInterfaceOrientationPortrait UIInterfaceOrientationLandscapeLeft UIInterfaceOrientationLandscapeRight";
				IPHONEOS_DEPLOYMENT_TARGET = 14.0;
				LD_RUNPATH_SEARCH_PATHS = (
					"$(inherited)",
					"@executable_path/Frameworks",
				);
				MARKETING_VERSION = 1.0;
				PRODUCT_BUNDLE_IDENTIFIER = com.artemkvashnin.RealmSample;
				PRODUCT_NAME = "$(TARGET_NAME)";
				SWIFT_EMIT_LOC_STRINGS = YES;
				SWIFT_VERSION = 5.0;
				TARGETED_DEVICE_FAMILY = "1,2";
			};
			name = Debug;
		};
		B635118B2A1F24580054F597 /* Release */ = {
			isa = XCBuildConfiguration;
			baseConfigurationReference = 5B7EE8B9B30991327120E536 /* Pods-RealmSample.release.xcconfig */;
			buildSettings = {
				ASSETCATALOG_COMPILER_APPICON_NAME = AppIcon;
				ASSETCATALOG_COMPILER_GLOBAL_ACCENT_COLOR_NAME = AccentColor;
				CODE_SIGN_STYLE = Automatic;
				CURRENT_PROJECT_VERSION = 1;
				DEVELOPMENT_TEAM = D5XZHDVBDY;
				GENERATE_INFOPLIST_FILE = YES;
				INFOPLIST_FILE = RealmSample/Info.plist;
				INFOPLIST_KEY_UIApplicationSupportsIndirectInputEvents = YES;
				INFOPLIST_KEY_UILaunchStoryboardName = LaunchScreen;
				INFOPLIST_KEY_UISupportedInterfaceOrientations_iPad = "UIInterfaceOrientationPortrait UIInterfaceOrientationPortraitUpsideDown UIInterfaceOrientationLandscapeLeft UIInterfaceOrientationLandscapeRight";
				INFOPLIST_KEY_UISupportedInterfaceOrientations_iPhone = "UIInterfaceOrientationPortrait UIInterfaceOrientationLandscapeLeft UIInterfaceOrientationLandscapeRight";
				IPHONEOS_DEPLOYMENT_TARGET = 14.0;
				LD_RUNPATH_SEARCH_PATHS = (
					"$(inherited)",
					"@executable_path/Frameworks",
				);
				MARKETING_VERSION = 1.0;
				PRODUCT_BUNDLE_IDENTIFIER = com.artemkvashnin.RealmSample;
				PRODUCT_NAME = "$(TARGET_NAME)";
				SWIFT_EMIT_LOC_STRINGS = YES;
				SWIFT_VERSION = 5.0;
				TARGETED_DEVICE_FAMILY = "1,2";
			};
			name = Release;
		};
/* End XCBuildConfiguration section */

/* Begin XCConfigurationList section */
		B63511702A1F24560054F597 /* Build configuration list for PBXProject "RealmSample" */ = {
			isa = XCConfigurationList;
			buildConfigurations = (
				B63511872A1F24580054F597 /* Debug */,
				B63511882A1F24580054F597 /* Release */,
			);
			defaultConfigurationIsVisible = 0;
			defaultConfigurationName = Release;
		};
		B63511892A1F24580054F597 /* Build configuration list for PBXNativeTarget "RealmSample" */ = {
			isa = XCConfigurationList;
			buildConfigurations = (
				B635118A2A1F24580054F597 /* Debug */,
				B635118B2A1F24580054F597 /* Release */,
			);
			defaultConfigurationIsVisible = 0;
			defaultConfigurationName = Release;
		};
/* End XCConfigurationList section */
	};
	rootObject = B635116D2A1F24560054F597 /* Project object */;
}
